PODS:
  - Alamofire (4.5.1)
  - JCore (1.1.6)
  - JPush (3.0.7):
    - JCore (~> 1.1.6)
  - TSToast (0.2.0)

DEPENDENCIES:
  - Alamofire (~> 4.4)
  - JPush
  - TSToast

SPEC CHECKSUMS:
  Alamofire: 2d95912bf4c34f164fdfc335872e8c312acaea4a
  JCore: 18fc8725124f26e55625eaf224659b3a999dcf63
  JPush: 111b79b8a0169ab8fd4c486dac3ed166ed69293e
  TSToast: 3c95bc8e2c344352ef27d04e53d553c3c04b586e

PODFILE CHECKSUM: 59a895823bdbcd467135c69276040b09789c8c8b

COCOAPODS: 1.3.1
