// !$*UTF8*$!
{
	archiveVersion = 1;
	classes = {
	};
	objectVersion = 46;
	objects = {

/* Begin PBXBuildFile section */
		322894466FCD6A576559D0AF /* Pods_gameBCTC.framework in Frameworks */ = {isa = PBXBuildFile; fileRef = 589678AD70F1445B998B667E /* Pods_gameBCTC.framework */; };
		4B02A2CE1FB566700072F604 /* DataConfig.swift in Sources */ = {isa = PBXBuildFile; fileRef = 4B02A2CD1FB566700072F604 /* DataConfig.swift */; };
		4B582F001FB551E70078C63B /* ViewController.swift in Sources */ = {isa = PBXBuildFile; fileRef = 4B582EFF1FB551E70078C63B /* ViewController.swift */; };
		4B582F031FB551E70078C63B /* Main.storyboard in Resources */ = {isa = PBXBuildFile; fileRef = 4B582F011FB551E70078C63B /* Main.storyboard */; };
		4B582F051FB551E70078C63B /* Assets.xcassets in Resources */ = {isa = PBXBuildFile; fileRef = 4B582F041FB551E70078C63B /* Assets.xcassets */; };
		4B582F081FB551E70078C63B /* LaunchScreen.storyboard in Resources */ = {isa = PBXBuildFile; fileRef = 4B582F061FB551E70078C63B /* LaunchScreen.storyboard */; };
		4B582F131FB551E80078C63B /* gameBCTCTests.swift in Sources */ = {isa = PBXBuildFile; fileRef = 4B582F121FB551E80078C63B /* gameBCTCTests.swift */; };
		4B582F1E1FB551E80078C63B /* gameBCTCUITests.swift in Sources */ = {isa = PBXBuildFile; fileRef = 4B582F1D1FB551E80078C63B /* gameBCTCUITests.swift */; };
		4B582F2D1FB552260078C63B /* AppDelegate.swift in Sources */ = {isa = PBXBuildFile; fileRef = 4B582F2C1FB552260078C63B /* AppDelegate.swift */; };
		4B582F331FB552500078C63B /* GCGameViewController.swift in Sources */ = {isa = PBXBuildFile; fileRef = 4B582F311FB552500078C63B /* GCGameViewController.swift */; };
		4B582F341FB552500078C63B /* GCGameViewController.xib in Resources */ = {isa = PBXBuildFile; fileRef = 4B582F321FB552500078C63B /* GCGameViewController.xib */; };
		531FB2131FBB2F5D004406BB /* AVBaseRouter.swift in Sources */ = {isa = PBXBuildFile; fileRef = 531FB2111FBB2F5D004406BB /* AVBaseRouter.swift */; };
		531FB2141FBB2F5D004406BB /* AVLoginRouter.swift in Sources */ = {isa = PBXBuildFile; fileRef = 531FB2121FBB2F5D004406BB /* AVLoginRouter.swift */; };
		531FB2161FBB6030004406BB /* Direction.swift in Sources */ = {isa = PBXBuildFile; fileRef = 531FB2151FBB6030004406BB /* Direction.swift */; };
		537F5F591FB7045C00E4E98C /* MoneyCuoc.swift in Sources */ = {isa = PBXBuildFile; fileRef = 537F5F581FB7045C00E4E98C /* MoneyCuoc.swift */; };
		537F5F5B1FB7606E00E4E98C /* AroundCycleModel.swift in Sources */ = {isa = PBXBuildFile; fileRef = 537F5F5A1FB7606E00E4E98C /* AroundCycleModel.swift */; };
		5399F1A41FC88F1100FDC73E /* UserInforOld.swift in Sources */ = {isa = PBXBuildFile; fileRef = 5399F1A31FC88F1100FDC73E /* UserInforOld.swift */; };
		53BE124E1FC58C1F0054EF5C /* TSToast.framework in Frameworks */ = {isa = PBXBuildFile; fileRef = 53BE124D1FC58C1F0054EF5C /* TSToast.framework */; };
		53BE12551FC5C3330054EF5C /* AVTutorialCollectionViewCell.swift in Sources */ = {isa = PBXBuildFile; fileRef = 53BE12511FC5C3330054EF5C /* AVTutorialCollectionViewCell.swift */; };
		53BE12561FC5C3330054EF5C /* AVTutorialCollectionViewCell.xib in Resources */ = {isa = PBXBuildFile; fileRef = 53BE12521FC5C3330054EF5C /* AVTutorialCollectionViewCell.xib */; };
		53BE12571FC5C3330054EF5C /* AVTutorialViewController.xib in Resources */ = {isa = PBXBuildFile; fileRef = 53BE12531FC5C3330054EF5C /* AVTutorialViewController.xib */; };
		53BE12581FC5C3330054EF5C /* AVTutorialViewController.swift in Sources */ = {isa = PBXBuildFile; fileRef = 53BE12541FC5C3330054EF5C /* AVTutorialViewController.swift */; };
		53BE12771FC5C3AD0054EF5C /* NSString.swift in Sources */ = {isa = PBXBuildFile; fileRef = 53BE125A1FC5C3AD0054EF5C /* NSString.swift */; };
		53BE12781FC5C3AD0054EF5C /* NSUserDefaults.swift in Sources */ = {isa = PBXBuildFile; fileRef = 53BE125B1FC5C3AD0054EF5C /* NSUserDefaults.swift */; };
		53BE12791FC5C3AD0054EF5C /* UIView.swift in Sources */ = {isa = PBXBuildFile; fileRef = 53BE125C1FC5C3AD0054EF5C /* UIView.swift */; };
		53BE127A1FC5C3AD0054EF5C /* GCD.swift in Sources */ = {isa = PBXBuildFile; fileRef = 53BE125D1FC5C3AD0054EF5C /* GCD.swift */; };
		53BE127B1FC5C3AD0054EF5C /* Array.swift in Sources */ = {isa = PBXBuildFile; fileRef = 53BE125E1FC5C3AD0054EF5C /* Array.swift */; };
		53BE127C1FC5C3AD0054EF5C /* UIColor.swift in Sources */ = {isa = PBXBuildFile; fileRef = 53BE125F1FC5C3AD0054EF5C /* UIColor.swift */; };
		53BE127D1FC5C3AD0054EF5C /* NSNotificationCenter.swift in Sources */ = {isa = PBXBuildFile; fileRef = 53BE12601FC5C3AD0054EF5C /* NSNotificationCenter.swift */; };
		53BE127E1FC5C3AD0054EF5C /* NSObject.swift in Sources */ = {isa = PBXBuildFile; fileRef = 53BE12611FC5C3AD0054EF5C /* NSObject.swift */; };
		53BE127F1FC5C3AD0054EF5C /* UITabBarController.swift in Sources */ = {isa = PBXBuildFile; fileRef = 53BE12621FC5C3AD0054EF5C /* UITabBarController.swift */; };
		53BE12801FC5C3AD0054EF5C /* UICollectionView.swift in Sources */ = {isa = PBXBuildFile; fileRef = 53BE12631FC5C3AD0054EF5C /* UICollectionView.swift */; };
		53BE12811FC5C3AD0054EF5C /* Int.swift in Sources */ = {isa = PBXBuildFile; fileRef = 53BE12641FC5C3AD0054EF5C /* Int.swift */; };
		53BE12821FC5C3AD0054EF5C /* UITableView.swift in Sources */ = {isa = PBXBuildFile; fileRef = 53BE12651FC5C3AD0054EF5C /* UITableView.swift */; };
		53BE12831FC5C3AD0054EF5C /* UIDevice.swift in Sources */ = {isa = PBXBuildFile; fileRef = 53BE12661FC5C3AD0054EF5C /* UIDevice.swift */; };
		53BE12841FC5C3AD0054EF5C /* NSDate.swift in Sources */ = {isa = PBXBuildFile; fileRef = 53BE12671FC5C3AD0054EF5C /* NSDate.swift */; };
		53BE12851FC5C3AD0054EF5C /* Dictionary.swift in Sources */ = {isa = PBXBuildFile; fileRef = 53BE12681FC5C3AD0054EF5C /* Dictionary.swift */; };
		53BE12861FC5C3AD0054EF5C /* String.swift in Sources */ = {isa = PBXBuildFile; fileRef = 53BE12691FC5C3AD0054EF5C /* String.swift */; };
		53BE12871FC5C3AD0054EF5C /* UIButton.swift in Sources */ = {isa = PBXBuildFile; fileRef = 53BE126A1FC5C3AD0054EF5C /* UIButton.swift */; };
		53BE12881FC5C3AD0054EF5C /* UIImage.swift in Sources */ = {isa = PBXBuildFile; fileRef = 53BE126B1FC5C3AD0054EF5C /* UIImage.swift */; };
		53BE12891FC5C3AD0054EF5C /* UIViewController.swift in Sources */ = {isa = PBXBuildFile; fileRef = 53BE126C1FC5C3AD0054EF5C /* UIViewController.swift */; };
		53BE128A1FC5C3AD0054EF5C /* UINavigationBar.swift in Sources */ = {isa = PBXBuildFile; fileRef = 53BE126D1FC5C3AD0054EF5C /* UINavigationBar.swift */; };
		53BE128B1FC5C3AD0054EF5C /* UIWindow.swift in Sources */ = {isa = PBXBuildFile; fileRef = 53BE126E1FC5C3AD0054EF5C /* UIWindow.swift */; };
		53BE128C1FC5C3AD0054EF5C /* CGFloat.swift in Sources */ = {isa = PBXBuildFile; fileRef = 53BE126F1FC5C3AD0054EF5C /* CGFloat.swift */; };
		53BE128D1FC5C3AD0054EF5C /* Double.swift in Sources */ = {isa = PBXBuildFile; fileRef = 53BE12701FC5C3AD0054EF5C /* Double.swift */; };
		53BE128E1FC5C3AD0054EF5C /* UIFont.swift in Sources */ = {isa = PBXBuildFile; fileRef = 53BE12711FC5C3AD0054EF5C /* UIFont.swift */; };
		53BE128F1FC5C3AD0054EF5C /* UILabel.swift in Sources */ = {isa = PBXBuildFile; fileRef = 53BE12721FC5C3AD0054EF5C /* UILabel.swift */; };
		53BE12901FC5C3AD0054EF5C /* UIScreen.swift in Sources */ = {isa = PBXBuildFile; fileRef = 53BE12731FC5C3AD0054EF5C /* UIScreen.swift */; };
		53BE12911FC5C3AD0054EF5C /* Optional.swift in Sources */ = {isa = PBXBuildFile; fileRef = 53BE12741FC5C3AD0054EF5C /* Optional.swift */; };
		53BE12921FC5C3AD0054EF5C /* UINavigationController.swift in Sources */ = {isa = PBXBuildFile; fileRef = 53BE12751FC5C3AD0054EF5C /* UINavigationController.swift */; };
		53BE12931FC5C3AD0054EF5C /* Float.swift in Sources */ = {isa = PBXBuildFile; fileRef = 53BE12761FC5C3AD0054EF5C /* Float.swift */; };
		53D806901FBE191E00077EB2 /* Localizable.strings in Resources */ = {isa = PBXBuildFile; fileRef = 53D806921FBE191E00077EB2 /* Localizable.strings */; };
		53D8069B1FBE245400077EB2 /* MenuViewController.swift in Sources */ = {isa = PBXBuildFile; fileRef = 53D806991FBE245400077EB2 /* MenuViewController.swift */; };
		53D8069C1FBE245400077EB2 /* MenuViewController.xib in Resources */ = {isa = PBXBuildFile; fileRef = 53D8069A1FBE245400077EB2 /* MenuViewController.xib */; };
		53D806A01FBE7D1200077EB2 /* WebViewController.swift in Sources */ = {isa = PBXBuildFile; fileRef = 53D8069E1FBE7D1200077EB2 /* WebViewController.swift */; };
		53D806A11FBE7D1200077EB2 /* WebViewController.xib in Resources */ = {isa = PBXBuildFile; fileRef = 53D8069F1FBE7D1200077EB2 /* WebViewController.xib */; };
		53E082651FC4A44400644F36 /* StringExtention.swift in Sources */ = {isa = PBXBuildFile; fileRef = 53E082641FC4A44400644F36 /* StringExtention.swift */; };
		53FCC9111FBA5EC9007141EA /* ConnectServer.swift in Sources */ = {isa = PBXBuildFile; fileRef = 53FCC9101FBA5EC9007141EA /* ConnectServer.swift */; };
/* End PBXBuildFile section */

/* Begin PBXContainerItemProxy section */
		4B582F0F1FB551E80078C63B /* PBXContainerItemProxy */ = {
			isa = PBXContainerItemProxy;
			containerPortal = 4B582EF21FB551E70078C63B /* Project object */;
			proxyType = 1;
			remoteGlobalIDString = 4B582EF91FB551E70078C63B;
			remoteInfo = gameBCTC;
		};
		4B582F1A1FB551E80078C63B /* PBXContainerItemProxy */ = {
			isa = PBXContainerItemProxy;
			containerPortal = 4B582EF21FB551E70078C63B /* Project object */;
			proxyType = 1;
			remoteGlobalIDString = 4B582EF91FB551E70078C63B;
			remoteInfo = gameBCTC;
		};
/* End PBXContainerItemProxy section */

/* Begin PBXFileReference section */
		1A270E18E35A1CDB8CFBE9EF /* Pods-gameBCTC.debug.xcconfig */ = {isa = PBXFileReference; includeInIndex = 1; lastKnownFileType = text.xcconfig; name = "Pods-gameBCTC.debug.xcconfig"; path = "Pods/Target Support Files/Pods-gameBCTC/Pods-gameBCTC.debug.xcconfig"; sourceTree = "<group>"; };
		25394BD5B62EA5D27D265983 /* Pods-gameBCTC.release.xcconfig */ = {isa = PBXFileReference; includeInIndex = 1; lastKnownFileType = text.xcconfig; name = "Pods-gameBCTC.release.xcconfig"; path = "Pods/Target Support Files/Pods-gameBCTC/Pods-gameBCTC.release.xcconfig"; sourceTree = "<group>"; };
		4B02A2CD1FB566700072F604 /* DataConfig.swift */ = {isa = PBXFileReference; fileEncoding = 4; lastKnownFileType = sourcecode.swift; path = DataConfig.swift; sourceTree = "<group>"; };
		4B582EFA1FB551E70078C63B /* gameBCTC.app */ = {isa = PBXFileReference; explicitFileType = wrapper.application; includeInIndex = 0; path = gameBCTC.app; sourceTree = BUILT_PRODUCTS_DIR; };
		4B582EFF1FB551E70078C63B /* ViewController.swift */ = {isa = PBXFileReference; lastKnownFileType = sourcecode.swift; path = ViewController.swift; sourceTree = "<group>"; };
		4B582F021FB551E70078C63B /* Base */ = {isa = PBXFileReference; lastKnownFileType = file.storyboard; name = Base; path = Base.lproj/Main.storyboard; sourceTree = "<group>"; };
		4B582F041FB551E70078C63B /* Assets.xcassets */ = {isa = PBXFileReference; lastKnownFileType = folder.assetcatalog; path = Assets.xcassets; sourceTree = "<group>"; };
		4B582F071FB551E70078C63B /* Base */ = {isa = PBXFileReference; lastKnownFileType = file.storyboard; name = Base; path = Base.lproj/LaunchScreen.storyboard; sourceTree = "<group>"; };
		4B582F091FB551E70078C63B /* Info.plist */ = {isa = PBXFileReference; lastKnownFileType = text.plist.xml; path = Info.plist; sourceTree = "<group>"; };
		4B582F0E1FB551E80078C63B /* gameBCTCTests.xctest */ = {isa = PBXFileReference; explicitFileType = wrapper.cfbundle; includeInIndex = 0; path = gameBCTCTests.xctest; sourceTree = BUILT_PRODUCTS_DIR; };
		4B582F121FB551E80078C63B /* gameBCTCTests.swift */ = {isa = PBXFileReference; lastKnownFileType = sourcecode.swift; path = gameBCTCTests.swift; sourceTree = "<group>"; };
		4B582F141FB551E80078C63B /* Info.plist */ = {isa = PBXFileReference; lastKnownFileType = text.plist.xml; path = Info.plist; sourceTree = "<group>"; };
		4B582F191FB551E80078C63B /* gameBCTCUITests.xctest */ = {isa = PBXFileReference; explicitFileType = wrapper.cfbundle; includeInIndex = 0; path = gameBCTCUITests.xctest; sourceTree = BUILT_PRODUCTS_DIR; };
		4B582F1D1FB551E80078C63B /* gameBCTCUITests.swift */ = {isa = PBXFileReference; lastKnownFileType = sourcecode.swift; path = gameBCTCUITests.swift; sourceTree = "<group>"; };
		4B582F1F1FB551E80078C63B /* Info.plist */ = {isa = PBXFileReference; lastKnownFileType = text.plist.xml; path = Info.plist; sourceTree = "<group>"; };
		4B582F2C1FB552260078C63B /* AppDelegate.swift */ = {isa = PBXFileReference; fileEncoding = 4; lastKnownFileType = sourcecode.swift; path = AppDelegate.swift; sourceTree = "<group>"; };
		4B582F311FB552500078C63B /* GCGameViewController.swift */ = {isa = PBXFileReference; fileEncoding = 4; lastKnownFileType = sourcecode.swift; path = GCGameViewController.swift; sourceTree = "<group>"; };
		4B582F321FB552500078C63B /* GCGameViewController.xib */ = {isa = PBXFileReference; fileEncoding = 4; lastKnownFileType = file.xib; path = GCGameViewController.xib; sourceTree = "<group>"; };
		530A38011FC515C600F5FA2B /* JPUSHService.h */ = {isa = PBXFileReference; lastKnownFileType = sourcecode.c.h; path = JPUSHService.h; sourceTree = "<group>"; };
		530A38021FC515C600F5FA2B /* libjpush-ios-3.0.7.a */ = {isa = PBXFileReference; lastKnownFileType = archive.ar; path = "libjpush-ios-3.0.7.a"; sourceTree = "<group>"; };
		531B41F11FC0D2D50043EE02 /* gameBCTCBridgingHeader.h */ = {isa = PBXFileReference; lastKnownFileType = sourcecode.c.h; path = gameBCTCBridgingHeader.h; sourceTree = "<group>"; };
		531FB2111FBB2F5D004406BB /* AVBaseRouter.swift */ = {isa = PBXFileReference; fileEncoding = 4; lastKnownFileType = sourcecode.swift; path = AVBaseRouter.swift; sourceTree = "<group>"; };
		531FB2121FBB2F5D004406BB /* AVLoginRouter.swift */ = {isa = PBXFileReference; fileEncoding = 4; lastKnownFileType = sourcecode.swift; path = AVLoginRouter.swift; sourceTree = "<group>"; };
		531FB2151FBB6030004406BB /* Direction.swift */ = {isa = PBXFileReference; fileEncoding = 4; lastKnownFileType = sourcecode.swift; path = Direction.swift; sourceTree = "<group>"; };
		537F5F571FB703F100E4E98C /* Base */ = {isa = PBXFileReference; lastKnownFileType = sourcecode.swift; name = Base; path = gameBCTC/Base.lproj/User.swift; sourceTree = SOURCE_ROOT; };
		537F5F581FB7045C00E4E98C /* MoneyCuoc.swift */ = {isa = PBXFileReference; fileEncoding = 4; lastKnownFileType = sourcecode.swift; name = MoneyCuoc.swift; path = gameBCTC/MoneyCuoc.swift; sourceTree = SOURCE_ROOT; };
		537F5F5A1FB7606E00E4E98C /* AroundCycleModel.swift */ = {isa = PBXFileReference; fileEncoding = 4; lastKnownFileType = sourcecode.swift; path = AroundCycleModel.swift; sourceTree = "<group>"; };
		5399F1A31FC88F1100FDC73E /* UserInforOld.swift */ = {isa = PBXFileReference; lastKnownFileType = sourcecode.swift; path = UserInforOld.swift; sourceTree = "<group>"; };
		53A8BC6E1FBF941800E464BF /* gameBCTC.entitlements */ = {isa = PBXFileReference; lastKnownFileType = text.plist.entitlements; path = gameBCTC.entitlements; sourceTree = "<group>"; };
		53BE124D1FC58C1F0054EF5C /* TSToast.framework */ = {isa = PBXFileReference; lastKnownFileType = wrapper.framework; name = TSToast.framework; path = "../../../Library/Developer/Xcode/DerivedData/gameBCTC-bwtasfoszmfeatbfuntkpuvlfinc/Build/Products/Debug-iphoneos/TSToast/TSToast.framework"; sourceTree = "<group>"; };
		53BE12511FC5C3330054EF5C /* AVTutorialCollectionViewCell.swift */ = {isa = PBXFileReference; fileEncoding = 4; lastKnownFileType = sourcecode.swift; path = AVTutorialCollectionViewCell.swift; sourceTree = "<group>"; };
		53BE12521FC5C3330054EF5C /* AVTutorialCollectionViewCell.xib */ = {isa = PBXFileReference; fileEncoding = 4; lastKnownFileType = file.xib; path = AVTutorialCollectionViewCell.xib; sourceTree = "<group>"; };
		53BE12531FC5C3330054EF5C /* AVTutorialViewController.xib */ = {isa = PBXFileReference; fileEncoding = 4; lastKnownFileType = file.xib; path = AVTutorialViewController.xib; sourceTree = "<group>"; };
		53BE12541FC5C3330054EF5C /* AVTutorialViewController.swift */ = {isa = PBXFileReference; fileEncoding = 4; lastKnownFileType = sourcecode.swift; path = AVTutorialViewController.swift; sourceTree = "<group>"; };
		53BE125A1FC5C3AD0054EF5C /* NSString.swift */ = {isa = PBXFileReference; fileEncoding = 4; lastKnownFileType = sourcecode.swift; path = NSString.swift; sourceTree = "<group>"; };
		53BE125B1FC5C3AD0054EF5C /* NSUserDefaults.swift */ = {isa = PBXFileReference; fileEncoding = 4; lastKnownFileType = sourcecode.swift; path = NSUserDefaults.swift; sourceTree = "<group>"; };
		53BE125C1FC5C3AD0054EF5C /* UIView.swift */ = {isa = PBXFileReference; fileEncoding = 4; lastKnownFileType = sourcecode.swift; path = UIView.swift; sourceTree = "<group>"; };
		53BE125D1FC5C3AD0054EF5C /* GCD.swift */ = {isa = PBXFileReference; fileEncoding = 4; lastKnownFileType = sourcecode.swift; path = GCD.swift; sourceTree = "<group>"; };
		53BE125E1FC5C3AD0054EF5C /* Array.swift */ = {isa = PBXFileReference; fileEncoding = 4; lastKnownFileType = sourcecode.swift; path = Array.swift; sourceTree = "<group>"; };
		53BE125F1FC5C3AD0054EF5C /* UIColor.swift */ = {isa = PBXFileReference; fileEncoding = 4; lastKnownFileType = sourcecode.swift; path = UIColor.swift; sourceTree = "<group>"; };
		53BE12601FC5C3AD0054EF5C /* NSNotificationCenter.swift */ = {isa = PBXFileReference; fileEncoding = 4; lastKnownFileType = sourcecode.swift; path = NSNotificationCenter.swift; sourceTree = "<group>"; };
		53BE12611FC5C3AD0054EF5C /* NSObject.swift */ = {isa = PBXFileReference; fileEncoding = 4; lastKnownFileType = sourcecode.swift; path = NSObject.swift; sourceTree = "<group>"; };
		53BE12621FC5C3AD0054EF5C /* UITabBarController.swift */ = {isa = PBXFileReference; fileEncoding = 4; lastKnownFileType = sourcecode.swift; path = UITabBarController.swift; sourceTree = "<group>"; };
		53BE12631FC5C3AD0054EF5C /* UICollectionView.swift */ = {isa = PBXFileReference; fileEncoding = 4; lastKnownFileType = sourcecode.swift; path = UICollectionView.swift; sourceTree = "<group>"; };
		53BE12641FC5C3AD0054EF5C /* Int.swift */ = {isa = PBXFileReference; fileEncoding = 4; lastKnownFileType = sourcecode.swift; path = Int.swift; sourceTree = "<group>"; };
		53BE12651FC5C3AD0054EF5C /* UITableView.swift */ = {isa = PBXFileReference; fileEncoding = 4; lastKnownFileType = sourcecode.swift; path = UITableView.swift; sourceTree = "<group>"; };
		53BE12661FC5C3AD0054EF5C /* UIDevice.swift */ = {isa = PBXFileReference; fileEncoding = 4; lastKnownFileType = sourcecode.swift; path = UIDevice.swift; sourceTree = "<group>"; };
		53BE12671FC5C3AD0054EF5C /* NSDate.swift */ = {isa = PBXFileReference; fileEncoding = 4; lastKnownFileType = sourcecode.swift; path = NSDate.swift; sourceTree = "<group>"; };
		53BE12681FC5C3AD0054EF5C /* Dictionary.swift */ = {isa = PBXFileReference; fileEncoding = 4; lastKnownFileType = sourcecode.swift; path = Dictionary.swift; sourceTree = "<group>"; };
		53BE12691FC5C3AD0054EF5C /* String.swift */ = {isa = PBXFileReference; fileEncoding = 4; lastKnownFileType = sourcecode.swift; path = String.swift; sourceTree = "<group>"; };
		53BE126A1FC5C3AD0054EF5C /* UIButton.swift */ = {isa = PBXFileReference; fileEncoding = 4; lastKnownFileType = sourcecode.swift; path = UIButton.swift; sourceTree = "<group>"; };
		53BE126B1FC5C3AD0054EF5C /* UIImage.swift */ = {isa = PBXFileReference; fileEncoding = 4; lastKnownFileType = sourcecode.swift; path = UIImage.swift; sourceTree = "<group>"; };
		53BE126C1FC5C3AD0054EF5C /* UIViewController.swift */ = {isa = PBXFileReference; fileEncoding = 4; lastKnownFileType = sourcecode.swift; path = UIViewController.swift; sourceTree = "<group>"; };
		53BE126D1FC5C3AD0054EF5C /* UINavigationBar.swift */ = {isa = PBXFileReference; fileEncoding = 4; lastKnownFileType = sourcecode.swift; path = UINavigationBar.swift; sourceTree = "<group>"; };
		53BE126E1FC5C3AD0054EF5C /* UIWindow.swift */ = {isa = PBXFileReference; fileEncoding = 4; lastKnownFileType = sourcecode.swift; path = UIWindow.swift; sourceTree = "<group>"; };
		53BE126F1FC5C3AD0054EF5C /* CGFloat.swift */ = {isa = PBXFileReference; fileEncoding = 4; lastKnownFileType = sourcecode.swift; path = CGFloat.swift; sourceTree = "<group>"; };
		53BE12701FC5C3AD0054EF5C /* Double.swift */ = {isa = PBXFileReference; fileEncoding = 4; lastKnownFileType = sourcecode.swift; path = Double.swift; sourceTree = "<group>"; };
		53BE12711FC5C3AD0054EF5C /* UIFont.swift */ = {isa = PBXFileReference; fileEncoding = 4; lastKnownFileType = sourcecode.swift; path = UIFont.swift; sourceTree = "<group>"; };
		53BE12721FC5C3AD0054EF5C /* UILabel.swift */ = {isa = PBXFileReference; fileEncoding = 4; lastKnownFileType = sourcecode.swift; path = UILabel.swift; sourceTree = "<group>"; };
		53BE12731FC5C3AD0054EF5C /* UIScreen.swift */ = {isa = PBXFileReference; fileEncoding = 4; lastKnownFileType = sourcecode.swift; path = UIScreen.swift; sourceTree = "<group>"; };
		53BE12741FC5C3AD0054EF5C /* Optional.swift */ = {isa = PBXFileReference; fileEncoding = 4; lastKnownFileType = sourcecode.swift; path = Optional.swift; sourceTree = "<group>"; };
		53BE12751FC5C3AD0054EF5C /* UINavigationController.swift */ = {isa = PBXFileReference; fileEncoding = 4; lastKnownFileType = sourcecode.swift; path = UINavigationController.swift; sourceTree = "<group>"; };
		53BE12761FC5C3AD0054EF5C /* Float.swift */ = {isa = PBXFileReference; fileEncoding = 4; lastKnownFileType = sourcecode.swift; path = Float.swift; sourceTree = "<group>"; };
		53D806911FBE191E00077EB2 /* Base */ = {isa = PBXFileReference; lastKnownFileType = text.plist.strings; name = Base; path = Base.lproj/Localizable.strings; sourceTree = "<group>"; };
		53D806931FBE193300077EB2 /* zh-Hant */ = {isa = PBXFileReference; lastKnownFileType = text.plist.strings; name = "zh-Hant"; path = "zh-Hant.lproj/Main.strings"; sourceTree = "<group>"; };
		53D806941FBE193300077EB2 /* zh-Hant */ = {isa = PBXFileReference; lastKnownFileType = text.plist.strings; name = "zh-Hant"; path = "zh-Hant.lproj/LaunchScreen.strings"; sourceTree = "<group>"; };
		53D806951FBE193300077EB2 /* zh-Hant */ = {isa = PBXFileReference; lastKnownFileType = text.plist.strings; name = "zh-Hant"; path = "zh-Hant.lproj/Localizable.strings"; sourceTree = "<group>"; };
		53D806961FBE1C5D00077EB2 /* zh-Hans */ = {isa = PBXFileReference; lastKnownFileType = text.plist.strings; name = "zh-Hans"; path = "zh-Hans.lproj/Main.strings"; sourceTree = "<group>"; };
		53D806971FBE1C5D00077EB2 /* zh-Hans */ = {isa = PBXFileReference; lastKnownFileType = text.plist.strings; name = "zh-Hans"; path = "zh-Hans.lproj/LaunchScreen.strings"; sourceTree = "<group>"; };
		53D806981FBE1C5D00077EB2 /* zh-Hans */ = {isa = PBXFileReference; lastKnownFileType = text.plist.strings; name = "zh-Hans"; path = "zh-Hans.lproj/Localizable.strings"; sourceTree = "<group>"; };
		53D806991FBE245400077EB2 /* MenuViewController.swift */ = {isa = PBXFileReference; fileEncoding = 4; lastKnownFileType = sourcecode.swift; path = MenuViewController.swift; sourceTree = "<group>"; };
		53D8069A1FBE245400077EB2 /* MenuViewController.xib */ = {isa = PBXFileReference; fileEncoding = 4; lastKnownFileType = file.xib; path = MenuViewController.xib; sourceTree = "<group>"; };
		53D8069E1FBE7D1200077EB2 /* WebViewController.swift */ = {isa = PBXFileReference; fileEncoding = 4; lastKnownFileType = sourcecode.swift; path = WebViewController.swift; sourceTree = "<group>"; };
		53D8069F1FBE7D1200077EB2 /* WebViewController.xib */ = {isa = PBXFileReference; fileEncoding = 4; lastKnownFileType = file.xib; path = WebViewController.xib; sourceTree = "<group>"; };
		53E082641FC4A44400644F36 /* StringExtention.swift */ = {isa = PBXFileReference; fileEncoding = 4; lastKnownFileType = sourcecode.swift; path = StringExtention.swift; sourceTree = "<group>"; };
		53FCC9101FBA5EC9007141EA /* ConnectServer.swift */ = {isa = PBXFileReference; fileEncoding = 4; lastKnownFileType = sourcecode.swift; path = ConnectServer.swift; sourceTree = "<group>"; };
		589678AD70F1445B998B667E /* Pods_gameBCTC.framework */ = {isa = PBXFileReference; explicitFileType = wrapper.framework; includeInIndex = 0; path = Pods_gameBCTC.framework; sourceTree = BUILT_PRODUCTS_DIR; };
/* End PBXFileReference section */

/* Begin PBXFrameworksBuildPhase section */
		4B582EF71FB551E70078C63B /* Frameworks */ = {
			isa = PBXFrameworksBuildPhase;
			buildActionMask = 2147483647;
			files = (
				53BE124E1FC58C1F0054EF5C /* TSToast.framework in Frameworks */,
				322894466FCD6A576559D0AF /* Pods_gameBCTC.framework in Frameworks */,
			);
			runOnlyForDeploymentPostprocessing = 0;
		};
		4B582F0B1FB551E80078C63B /* Frameworks */ = {
			isa = PBXFrameworksBuildPhase;
			buildActionMask = 2147483647;
			files = (
			);
			runOnlyForDeploymentPostprocessing = 0;
		};
		4B582F161FB551E80078C63B /* Frameworks */ = {
			isa = PBXFrameworksBuildPhase;
			buildActionMask = 2147483647;
			files = (
			);
			runOnlyForDeploymentPostprocessing = 0;
		};
/* End PBXFrameworksBuildPhase section */

/* Begin PBXGroup section */
		4B02A2CB1FB5665D0072F604 /* Data */ = {
			isa = PBXGroup;
			children = (
				4B02A2CC1FB5665D0072F604 /* Config */,
				53FCC9101FBA5EC9007141EA /* ConnectServer.swift */,
				53E082641FC4A44400644F36 /* StringExtention.swift */,
			);
			path = Data;
			sourceTree = "<group>";
		};
		4B02A2CC1FB5665D0072F604 /* Config */ = {
			isa = PBXGroup;
			children = (
				531FB2111FBB2F5D004406BB /* AVBaseRouter.swift */,
				531FB2121FBB2F5D004406BB /* AVLoginRouter.swift */,
				4B02A2CD1FB566700072F604 /* DataConfig.swift */,
			);
			path = Config;
			sourceTree = "<group>";
		};
		4B582EF11FB551E70078C63B = {
			isa = PBXGroup;
			children = (
				4B582EFC1FB551E70078C63B /* gameBCTC */,
				4B582F111FB551E80078C63B /* gameBCTCTests */,
				4B582F1C1FB551E80078C63B /* gameBCTCUITests */,
				4B582EFB1FB551E70078C63B /* Products */,
				58A80776083C9BF029EE57EF /* Pods */,
				7804A79394B7EF94CC9D298D /* Frameworks */,
			);
			sourceTree = "<group>";
		};
		4B582EFB1FB551E70078C63B /* Products */ = {
			isa = PBXGroup;
			children = (
				4B582EFA1FB551E70078C63B /* gameBCTC.app */,
				4B582F0E1FB551E80078C63B /* gameBCTCTests.xctest */,
				4B582F191FB551E80078C63B /* gameBCTCUITests.xctest */,
			);
			name = Products;
			sourceTree = "<group>";
		};
		4B582EFC1FB551E70078C63B /* gameBCTC */ = {
			isa = PBXGroup;
			children = (
				53A8BC6E1FBF941800E464BF /* gameBCTC.entitlements */,
				53BE12591FC5C3AD0054EF5C /* Extensions */,
				537F5F551FB7038200E4E98C /* Model */,
				4B02A2CB1FB5665D0072F604 /* Data */,
				4B582F2E1FB552380078C63B /* ViewController */,
				4B582F2B1FB552260078C63B /* AppDelegate */,
				4B582EFF1FB551E70078C63B /* ViewController.swift */,
				4B582F011FB551E70078C63B /* Main.storyboard */,
				53BE124F1FC5C3330054EF5C /* TutorialViewController */,
				4B582F041FB551E70078C63B /* Assets.xcassets */,
				4B582F061FB551E70078C63B /* LaunchScreen.storyboard */,
				4B582F091FB551E70078C63B /* Info.plist */,
				53D806921FBE191E00077EB2 /* Localizable.strings */,
				531B41F11FC0D2D50043EE02 /* gameBCTCBridgingHeader.h */,
			);
			path = gameBCTC;
			sourceTree = "<group>";
		};
		4B582F111FB551E80078C63B /* gameBCTCTests */ = {
			isa = PBXGroup;
			children = (
				4B582F121FB551E80078C63B /* gameBCTCTests.swift */,
				4B582F141FB551E80078C63B /* Info.plist */,
			);
			path = gameBCTCTests;
			sourceTree = "<group>";
		};
		4B582F1C1FB551E80078C63B /* gameBCTCUITests */ = {
			isa = PBXGroup;
			children = (
				4B582F1D1FB551E80078C63B /* gameBCTCUITests.swift */,
				4B582F1F1FB551E80078C63B /* Info.plist */,
			);
			path = gameBCTCUITests;
			sourceTree = "<group>";
		};
		4B582F2B1FB552260078C63B /* AppDelegate */ = {
			isa = PBXGroup;
			children = (
				4B582F2C1FB552260078C63B /* AppDelegate.swift */,
			);
			path = AppDelegate;
			sourceTree = "<group>";
		};
		4B582F2E1FB552380078C63B /* ViewController */ = {
			isa = PBXGroup;
			children = (
				53D8069D1FBE7CF400077EB2 /* WebController */,
				4B582F2F1FB552380078C63B /* gameScreen */,
				4B582F301FB552380078C63B /* MenuScreen */,
			);
			path = ViewController;
			sourceTree = "<group>";
		};
		4B582F2F1FB552380078C63B /* gameScreen */ = {
			isa = PBXGroup;
			children = (
				4B582F311FB552500078C63B /* GCGameViewController.swift */,
				4B582F321FB552500078C63B /* GCGameViewController.xib */,
			);
			path = gameScreen;
			sourceTree = "<group>";
		};
		4B582F301FB552380078C63B /* MenuScreen */ = {
			isa = PBXGroup;
			children = (
				53D806991FBE245400077EB2 /* MenuViewController.swift */,
				53D8069A1FBE245400077EB2 /* MenuViewController.xib */,
			);
			name = MenuScreen;
			path = SplashScreen;
			sourceTree = "<group>";
		};
		530A38001FC515C600F5FA2B /* JPush */ = {
			isa = PBXGroup;
			children = (
				530A38011FC515C600F5FA2B /* JPUSHService.h */,
				530A38021FC515C600F5FA2B /* libjpush-ios-3.0.7.a */,
			);
			name = JPush;
			path = Pods/JPush;
			sourceTree = "<group>";
		};
		537F5F551FB7038200E4E98C /* Model */ = {
			isa = PBXGroup;
			children = (
				537F5F561FB703F100E4E98C /* User.swift */,
				537F5F581FB7045C00E4E98C /* MoneyCuoc.swift */,
				537F5F5A1FB7606E00E4E98C /* AroundCycleModel.swift */,
				531FB2151FBB6030004406BB /* Direction.swift */,
				5399F1A31FC88F1100FDC73E /* UserInforOld.swift */,
			);
			path = Model;
			sourceTree = "<group>";
		};
		53BE124F1FC5C3330054EF5C /* TutorialViewController */ = {
			isa = PBXGroup;
			children = (
				53BE12501FC5C3330054EF5C /* Cell */,
				53BE12531FC5C3330054EF5C /* AVTutorialViewController.xib */,
				53BE12541FC5C3330054EF5C /* AVTutorialViewController.swift */,
			);
			path = TutorialViewController;
			sourceTree = "<group>";
		};
		53BE12501FC5C3330054EF5C /* Cell */ = {
			isa = PBXGroup;
			children = (
				53BE12511FC5C3330054EF5C /* AVTutorialCollectionViewCell.swift */,
				53BE12521FC5C3330054EF5C /* AVTutorialCollectionViewCell.xib */,
			);
			path = Cell;
			sourceTree = "<group>";
		};
		53BE12591FC5C3AD0054EF5C /* Extensions */ = {
			isa = PBXGroup;
			children = (
				53BE125A1FC5C3AD0054EF5C /* NSString.swift */,
				53BE125B1FC5C3AD0054EF5C /* NSUserDefaults.swift */,
				53BE125C1FC5C3AD0054EF5C /* UIView.swift */,
				53BE125D1FC5C3AD0054EF5C /* GCD.swift */,
				53BE125E1FC5C3AD0054EF5C /* Array.swift */,
				53BE125F1FC5C3AD0054EF5C /* UIColor.swift */,
				53BE12601FC5C3AD0054EF5C /* NSNotificationCenter.swift */,
				53BE12611FC5C3AD0054EF5C /* NSObject.swift */,
				53BE12621FC5C3AD0054EF5C /* UITabBarController.swift */,
				53BE12631FC5C3AD0054EF5C /* UICollectionView.swift */,
				53BE12641FC5C3AD0054EF5C /* Int.swift */,
				53BE12651FC5C3AD0054EF5C /* UITableView.swift */,
				53BE12661FC5C3AD0054EF5C /* UIDevice.swift */,
				53BE12671FC5C3AD0054EF5C /* NSDate.swift */,
				53BE12681FC5C3AD0054EF5C /* Dictionary.swift */,
				53BE12691FC5C3AD0054EF5C /* String.swift */,
				53BE126A1FC5C3AD0054EF5C /* UIButton.swift */,
				53BE126B1FC5C3AD0054EF5C /* UIImage.swift */,
				53BE126C1FC5C3AD0054EF5C /* UIViewController.swift */,
				53BE126D1FC5C3AD0054EF5C /* UINavigationBar.swift */,
				53BE126E1FC5C3AD0054EF5C /* UIWindow.swift */,
				53BE126F1FC5C3AD0054EF5C /* CGFloat.swift */,
				53BE12701FC5C3AD0054EF5C /* Double.swift */,
				53BE12711FC5C3AD0054EF5C /* UIFont.swift */,
				53BE12721FC5C3AD0054EF5C /* UILabel.swift */,
				53BE12731FC5C3AD0054EF5C /* UIScreen.swift */,
				53BE12741FC5C3AD0054EF5C /* Optional.swift */,
				53BE12751FC5C3AD0054EF5C /* UINavigationController.swift */,
				53BE12761FC5C3AD0054EF5C /* Float.swift */,
			);
			path = Extensions;
			sourceTree = "<group>";
		};
		53D8069D1FBE7CF400077EB2 /* WebController */ = {
			isa = PBXGroup;
			children = (
				53D8069E1FBE7D1200077EB2 /* WebViewController.swift */,
				53D8069F1FBE7D1200077EB2 /* WebViewController.xib */,
			);
			path = WebController;
			sourceTree = "<group>";
		};
		58A80776083C9BF029EE57EF /* Pods */ = {
			isa = PBXGroup;
			children = (
				1A270E18E35A1CDB8CFBE9EF /* Pods-gameBCTC.debug.xcconfig */,
				25394BD5B62EA5D27D265983 /* Pods-gameBCTC.release.xcconfig */,
			);
			name = Pods;
			sourceTree = "<group>";
		};
		7804A79394B7EF94CC9D298D /* Frameworks */ = {
			isa = PBXGroup;
			children = (
				53BE124D1FC58C1F0054EF5C /* TSToast.framework */,
				530A38001FC515C600F5FA2B /* JPush */,
				589678AD70F1445B998B667E /* Pods_gameBCTC.framework */,
			);
			name = Frameworks;
			sourceTree = "<group>";
		};
/* End PBXGroup section */

/* Begin PBXNativeTarget section */
		4B582EF91FB551E70078C63B /* gameBCTC */ = {
			isa = PBXNativeTarget;
			buildConfigurationList = 4B582F221FB551E80078C63B /* Build configuration list for PBXNativeTarget "gameBCTC" */;
			buildPhases = (
				3CFD353D8184074C98299106 /* [CP] Check Pods Manifest.lock */,
				4B582EF61FB551E70078C63B /* Sources */,
				4B582EF71FB551E70078C63B /* Frameworks */,
				4B582EF81FB551E70078C63B /* Resources */,
				A92ECCDF5184A9C3B753C776 /* [CP] Embed Pods Frameworks */,
				0D564957F4B290F1551EBF9E /* [CP] Copy Pods Resources */,
			);
			buildRules = (
			);
			dependencies = (
			);
			name = gameBCTC;
			productName = gameBCTC;
			productReference = 4B582EFA1FB551E70078C63B /* gameBCTC.app */;
			productType = "com.apple.product-type.application";
		};
		4B582F0D1FB551E80078C63B /* gameBCTCTests */ = {
			isa = PBXNativeTarget;
			buildConfigurationList = 4B582F251FB551E80078C63B /* Build configuration list for PBXNativeTarget "gameBCTCTests" */;
			buildPhases = (
				4B582F0A1FB551E80078C63B /* Sources */,
				4B582F0B1FB551E80078C63B /* Frameworks */,
				4B582F0C1FB551E80078C63B /* Resources */,
			);
			buildRules = (
			);
			dependencies = (
				4B582F101FB551E80078C63B /* PBXTargetDependency */,
			);
			name = gameBCTCTests;
			productName = gameBCTCTests;
			productReference = 4B582F0E1FB551E80078C63B /* gameBCTCTests.xctest */;
			productType = "com.apple.product-type.bundle.unit-test";
		};
		4B582F181FB551E80078C63B /* gameBCTCUITests */ = {
			isa = PBXNativeTarget;
			buildConfigurationList = 4B582F281FB551E80078C63B /* Build configuration list for PBXNativeTarget "gameBCTCUITests" */;
			buildPhases = (
				4B582F151FB551E80078C63B /* Sources */,
				4B582F161FB551E80078C63B /* Frameworks */,
				4B582F171FB551E80078C63B /* Resources */,
			);
			buildRules = (
			);
			dependencies = (
				4B582F1B1FB551E80078C63B /* PBXTargetDependency */,
			);
			name = gameBCTCUITests;
			productName = gameBCTCUITests;
			productReference = 4B582F191FB551E80078C63B /* gameBCTCUITests.xctest */;
			productType = "com.apple.product-type.bundle.ui-testing";
		};
/* End PBXNativeTarget section */

/* Begin PBXProject section */
		4B582EF21FB551E70078C63B /* Project object */ = {
			isa = PBXProject;
			attributes = {
				LastSwiftUpdateCheck = 0830;
				LastUpgradeCheck = 0830;
				ORGANIZATIONNAME = "Bui Van Giang";
				TargetAttributes = {
					4B582EF91FB551E70078C63B = {
						CreatedOnToolsVersion = 8.3;
						DevelopmentTeam = XMGAK3H63N;
						ProvisioningStyle = Automatic;
						SystemCapabilities = {
							com.apple.BackgroundModes = {
								enabled = 1;
							};
							com.apple.Push = {
								enabled = 1;
							};
						};
					};
					4B582F0D1FB551E80078C63B = {
						CreatedOnToolsVersion = 8.3;
						ProvisioningStyle = Automatic;
						TestTargetID = 4B582EF91FB551E70078C63B;
					};
					4B582F181FB551E80078C63B = {
						CreatedOnToolsVersion = 8.3;
						ProvisioningStyle = Automatic;
						TestTargetID = 4B582EF91FB551E70078C63B;
					};
				};
			};
			buildConfigurationList = 4B582EF51FB551E70078C63B /* Build configuration list for PBXProject "gameBCTC" */;
			compatibilityVersion = "Xcode 3.2";
			developmentRegion = English;
			hasScannedForEncodings = 0;
			knownRegions = (
				en,
				Base,
				"zh-Hant",
				"zh-Hans",
			);
			mainGroup = 4B582EF11FB551E70078C63B;
			productRefGroup = 4B582EFB1FB551E70078C63B /* Products */;
			projectDirPath = "";
			projectRoot = "";
			targets = (
				4B582EF91FB551E70078C63B /* gameBCTC */,
				4B582F0D1FB551E80078C63B /* gameBCTCTests */,
				4B582F181FB551E80078C63B /* gameBCTCUITests */,
			);
		};
/* End PBXProject section */

/* Begin PBXResourcesBuildPhase section */
		4B582EF81FB551E70078C63B /* Resources */ = {
			isa = PBXResourcesBuildPhase;
			buildActionMask = 2147483647;
			files = (
				53D806901FBE191E00077EB2 /* Localizable.strings in Resources */,
				53D8069C1FBE245400077EB2 /* MenuViewController.xib in Resources */,
				4B582F341FB552500078C63B /* GCGameViewController.xib in Resources */,
				53D806A11FBE7D1200077EB2 /* WebViewController.xib in Resources */,
				4B582F081FB551E70078C63B /* LaunchScreen.storyboard in Resources */,
				4B582F051FB551E70078C63B /* Assets.xcassets in Resources */,
				53BE12561FC5C3330054EF5C /* AVTutorialCollectionViewCell.xib in Resources */,
				53BE12571FC5C3330054EF5C /* AVTutorialViewController.xib in Resources */,
				4B582F031FB551E70078C63B /* Main.storyboard in Resources */,
			);
			runOnlyForDeploymentPostprocessing = 0;
		};
		4B582F0C1FB551E80078C63B /* Resources */ = {
			isa = PBXResourcesBuildPhase;
			buildActionMask = 2147483647;
			files = (
			);
			runOnlyForDeploymentPostprocessing = 0;
		};
		4B582F171FB551E80078C63B /* Resources */ = {
			isa = PBXResourcesBuildPhase;
			buildActionMask = 2147483647;
			files = (
			);
			runOnlyForDeploymentPostprocessing = 0;
		};
/* End PBXResourcesBuildPhase section */

/* Begin PBXShellScriptBuildPhase section */
		0D564957F4B290F1551EBF9E /* [CP] Copy Pods Resources */ = {
			isa = PBXShellScriptBuildPhase;
			buildActionMask = 2147483647;
			files = (
			);
			inputPaths = (
			);
			name = "[CP] Copy Pods Resources";
			outputPaths = (
			);
			runOnlyForDeploymentPostprocessing = 0;
			shellPath = /bin/sh;
			shellScript = "\"${SRCROOT}/Pods/Target Support Files/Pods-gameBCTC/Pods-gameBCTC-resources.sh\"\n";
			showEnvVarsInLog = 0;
		};
		3CFD353D8184074C98299106 /* [CP] Check Pods Manifest.lock */ = {
			isa = PBXShellScriptBuildPhase;
			buildActionMask = 2147483647;
			files = (
			);
			inputPaths = (
				"${PODS_PODFILE_DIR_PATH}/Podfile.lock",
				"${PODS_ROOT}/Manifest.lock",
			);
			name = "[CP] Check Pods Manifest.lock";
			outputPaths = (
				"$(DERIVED_FILE_DIR)/Pods-gameBCTC-checkManifestLockResult.txt",
			);
			runOnlyForDeploymentPostprocessing = 0;
			shellPath = /bin/sh;
			shellScript = "diff \"${PODS_PODFILE_DIR_PATH}/Podfile.lock\" \"${PODS_ROOT}/Manifest.lock\" > /dev/null\nif [ $? != 0 ] ; then\n    # print error to STDERR\n    echo \"error: The sandbox is not in sync with the Podfile.lock. Run 'pod install' or update your CocoaPods installation.\" >&2\n    exit 1\nfi\n# This output is used by Xcode 'outputs' to avoid re-running this script phase.\necho \"SUCCESS\" > \"${SCRIPT_OUTPUT_FILE_0}\"\n";
			showEnvVarsInLog = 0;
		};
		A92ECCDF5184A9C3B753C776 /* [CP] Embed Pods Frameworks */ = {
			isa = PBXShellScriptBuildPhase;
			buildActionMask = 2147483647;
			files = (
			);
			inputPaths = (
				"${SRCROOT}/Pods/Target Support Files/Pods-gameBCTC/Pods-gameBCTC-frameworks.sh",
				"${BUILT_PRODUCTS_DIR}/Alamofire/Alamofire.framework",
				"${BUILT_PRODUCTS_DIR}/TSToast/TSToast.framework",
			);
			name = "[CP] Embed Pods Frameworks";
			outputPaths = (
				"${TARGET_BUILD_DIR}/${FRAMEWORKS_FOLDER_PATH}/Alamofire.framework",
				"${TARGET_BUILD_DIR}/${FRAMEWORKS_FOLDER_PATH}/TSToast.framework",
			);
			runOnlyForDeploymentPostprocessing = 0;
			shellPath = /bin/sh;
			shellScript = "\"${SRCROOT}/Pods/Target Support Files/Pods-gameBCTC/Pods-gameBCTC-frameworks.sh\"\n";
			showEnvVarsInLog = 0;
		};
/* End PBXShellScriptBuildPhase section */

/* Begin PBXSourcesBuildPhase section */
		4B582EF61FB551E70078C63B /* Sources */ = {
			isa = PBXSourcesBuildPhase;
			buildActionMask = 2147483647;
			files = (
				531FB2131FBB2F5D004406BB /* AVBaseRouter.swift in Sources */,
				4B582F331FB552500078C63B /* GCGameViewController.swift in Sources */,
				531FB2141FBB2F5D004406BB /* AVLoginRouter.swift in Sources */,
				53BE12581FC5C3330054EF5C /* AVTutorialViewController.swift in Sources */,
				53BE128D1FC5C3AD0054EF5C /* Double.swift in Sources */,
				53BE12841FC5C3AD0054EF5C /* NSDate.swift in Sources */,
				531FB2161FBB6030004406BB /* Direction.swift in Sources */,
				53BE12771FC5C3AD0054EF5C /* NSString.swift in Sources */,
				53BE12831FC5C3AD0054EF5C /* UIDevice.swift in Sources */,
				53BE12871FC5C3AD0054EF5C /* UIButton.swift in Sources */,
				53BE12811FC5C3AD0054EF5C /* Int.swift in Sources */,
				53BE12801FC5C3AD0054EF5C /* UICollectionView.swift in Sources */,
				53D8069B1FBE245400077EB2 /* MenuViewController.swift in Sources */,
				53BE12921FC5C3AD0054EF5C /* UINavigationController.swift in Sources */,
				53BE12851FC5C3AD0054EF5C /* Dictionary.swift in Sources */,
				5399F1A41FC88F1100FDC73E /* UserInforOld.swift in Sources */,
				53BE127C1FC5C3AD0054EF5C /* UIColor.swift in Sources */,
				53BE128C1FC5C3AD0054EF5C /* CGFloat.swift in Sources */,
				53BE128F1FC5C3AD0054EF5C /* UILabel.swift in Sources */,
				53BE12891FC5C3AD0054EF5C /* UIViewController.swift in Sources */,
				53BE128A1FC5C3AD0054EF5C /* UINavigationBar.swift in Sources */,
				53BE12901FC5C3AD0054EF5C /* UIScreen.swift in Sources */,
				53BE127E1FC5C3AD0054EF5C /* NSObject.swift in Sources */,
				53BE127D1FC5C3AD0054EF5C /* NSNotificationCenter.swift in Sources */,
				53BE12821FC5C3AD0054EF5C /* UITableView.swift in Sources */,
				4B582F2D1FB552260078C63B /* AppDelegate.swift in Sources */,
				53BE12931FC5C3AD0054EF5C /* Float.swift in Sources */,
				53BE127B1FC5C3AD0054EF5C /* Array.swift in Sources */,
				4B582F001FB551E70078C63B /* ViewController.swift in Sources */,
				53BE127A1FC5C3AD0054EF5C /* GCD.swift in Sources */,
				53BE12911FC5C3AD0054EF5C /* Optional.swift in Sources */,
				53E082651FC4A44400644F36 /* StringExtention.swift in Sources */,
				53BE12881FC5C3AD0054EF5C /* UIImage.swift in Sources */,
				53BE128E1FC5C3AD0054EF5C /* UIFont.swift in Sources */,
				53BE128B1FC5C3AD0054EF5C /* UIWindow.swift in Sources */,
				53D806A01FBE7D1200077EB2 /* WebViewController.swift in Sources */,
				53FCC9111FBA5EC9007141EA /* ConnectServer.swift in Sources */,
				53BE127F1FC5C3AD0054EF5C /* UITabBarController.swift in Sources */,
				53BE12791FC5C3AD0054EF5C /* UIView.swift in Sources */,
				53BE12551FC5C3330054EF5C /* AVTutorialCollectionViewCell.swift in Sources */,
				537F5F591FB7045C00E4E98C /* MoneyCuoc.swift in Sources */,
				4B02A2CE1FB566700072F604 /* DataConfig.swift in Sources */,
				537F5F5B1FB7606E00E4E98C /* AroundCycleModel.swift in Sources */,
				53BE12861FC5C3AD0054EF5C /* String.swift in Sources */,
				53BE12781FC5C3AD0054EF5C /* NSUserDefaults.swift in Sources */,
			);
			runOnlyForDeploymentPostprocessing = 0;
		};
		4B582F0A1FB551E80078C63B /* Sources */ = {
			isa = PBXSourcesBuildPhase;
			buildActionMask = 2147483647;
			files = (
				4B582F131FB551E80078C63B /* gameBCTCTests.swift in Sources */,
			);
			runOnlyForDeploymentPostprocessing = 0;
		};
		4B582F151FB551E80078C63B /* Sources */ = {
			isa = PBXSourcesBuildPhase;
			buildActionMask = 2147483647;
			files = (
				4B582F1E1FB551E80078C63B /* gameBCTCUITests.swift in Sources */,
			);
			runOnlyForDeploymentPostprocessing = 0;
		};
/* End PBXSourcesBuildPhase section */

/* Begin PBXTargetDependency section */
		4B582F101FB551E80078C63B /* PBXTargetDependency */ = {
			isa = PBXTargetDependency;
			target = 4B582EF91FB551E70078C63B /* gameBCTC */;
			targetProxy = 4B582F0F1FB551E80078C63B /* PBXContainerItemProxy */;
		};
		4B582F1B1FB551E80078C63B /* PBXTargetDependency */ = {
			isa = PBXTargetDependency;
			target = 4B582EF91FB551E70078C63B /* gameBCTC */;
			targetProxy = 4B582F1A1FB551E80078C63B /* PBXContainerItemProxy */;
		};
/* End PBXTargetDependency section */

/* Begin PBXVariantGroup section */
		4B582F011FB551E70078C63B /* Main.storyboard */ = {
			isa = PBXVariantGroup;
			children = (
				4B582F021FB551E70078C63B /* Base */,
				53D806931FBE193300077EB2 /* zh-Hant */,
				53D806961FBE1C5D00077EB2 /* zh-Hans */,
			);
			name = Main.storyboard;
			sourceTree = "<group>";
		};
		4B582F061FB551E70078C63B /* LaunchScreen.storyboard */ = {
			isa = PBXVariantGroup;
			children = (
				4B582F071FB551E70078C63B /* Base */,
				53D806941FBE193300077EB2 /* zh-Hant */,
				53D806971FBE1C5D00077EB2 /* zh-Hans */,
			);
			name = LaunchScreen.storyboard;
			sourceTree = "<group>";
		};
		537F5F561FB703F100E4E98C /* User.swift */ = {
			isa = PBXVariantGroup;
			children = (
				537F5F571FB703F100E4E98C /* Base */,
			);
			name = User.swift;
			sourceTree = "<group>";
		};
		53D806921FBE191E00077EB2 /* Localizable.strings */ = {
			isa = PBXVariantGroup;
			children = (
				53D806911FBE191E00077EB2 /* Base */,
				53D806951FBE193300077EB2 /* zh-Hant */,
				53D806981FBE1C5D00077EB2 /* zh-Hans */,
			);
			name = Localizable.strings;
			sourceTree = "<group>";
		};
/* End PBXVariantGroup section */

/* Begin XCBuildConfiguration section */
		4B582F201FB551E80078C63B /* Debug */ = {
			isa = XCBuildConfiguration;
			buildSettings = {
				ALWAYS_SEARCH_USER_PATHS = NO;
				CLANG_ANALYZER_LOCALIZABILITY_NONLOCALIZED = YES;
				CLANG_ANALYZER_NONNULL = YES;
				CLANG_ANALYZER_NUMBER_OBJECT_CONVERSION = YES_AGGRESSIVE;
				CLANG_CXX_LANGUAGE_STANDARD = "gnu++0x";
				CLANG_CXX_LIBRARY = "libc++";
				CLANG_ENABLE_MODULES = YES;
				CLANG_ENABLE_OBJC_ARC = YES;
				CLANG_WARN_BOOL_CONVERSION = YES;
				CLANG_WARN_CONSTANT_CONVERSION = YES;
				CLANG_WARN_DIRECT_OBJC_ISA_USAGE = YES_ERROR;
				CLANG_WARN_DOCUMENTATION_COMMENTS = YES;
				CLANG_WARN_EMPTY_BODY = YES;
				CLANG_WARN_ENUM_CONVERSION = YES;
				CLANG_WARN_INFINITE_RECURSION = YES;
				CLANG_WARN_INT_CONVERSION = YES;
				CLANG_WARN_OBJC_ROOT_CLASS = YES_ERROR;
				CLANG_WARN_SUSPICIOUS_MOVE = YES;
				CLANG_WARN_UNREACHABLE_CODE = YES;
				CLANG_WARN__DUPLICATE_METHOD_MATCH = YES;
				"CODE_SIGN_IDENTITY[sdk=iphoneos*]" = "iPhone Developer";
				COPY_PHASE_STRIP = NO;
				DEBUG_INFORMATION_FORMAT = dwarf;
				ENABLE_STRICT_OBJC_MSGSEND = YES;
				ENABLE_TESTABILITY = YES;
				GCC_C_LANGUAGE_STANDARD = gnu99;
				GCC_DYNAMIC_NO_PIC = NO;
				GCC_NO_COMMON_BLOCKS = YES;
				GCC_OPTIMIZATION_LEVEL = 0;
				GCC_PREPROCESSOR_DEFINITIONS = (
					"DEBUG=1",
					"$(inherited)",
				);
				GCC_WARN_64_TO_32_BIT_CONVERSION = YES;
				GCC_WARN_ABOUT_RETURN_TYPE = YES_ERROR;
				GCC_WARN_UNDECLARED_SELECTOR = YES;
				GCC_WARN_UNINITIALIZED_AUTOS = YES_AGGRESSIVE;
				GCC_WARN_UNUSED_FUNCTION = YES;
				GCC_WARN_UNUSED_VARIABLE = YES;
				IPHONEOS_DEPLOYMENT_TARGET = 8.0;
				MTL_ENABLE_DEBUG_INFO = YES;
				ONLY_ACTIVE_ARCH = YES;
				SDKROOT = iphoneos;
				SWIFT_ACTIVE_COMPILATION_CONDITIONS = DEBUG;
				SWIFT_INSTALL_OBJC_HEADER = NO;
				SWIFT_OPTIMIZATION_LEVEL = "-Onone";
				TARGETED_DEVICE_FAMILY = "1,2";
			};
			name = Debug;
		};
		4B582F211FB551E80078C63B /* Release */ = {
			isa = XCBuildConfiguration;
			buildSettings = {
				ALWAYS_SEARCH_USER_PATHS = NO;
				CLANG_ANALYZER_LOCALIZABILITY_NONLOCALIZED = YES;
				CLANG_ANALYZER_NONNULL = YES;
				CLANG_ANALYZER_NUMBER_OBJECT_CONVERSION = YES_AGGRESSIVE;
				CLANG_CXX_LANGUAGE_STANDARD = "gnu++0x";
				CLANG_CXX_LIBRARY = "libc++";
				CLANG_ENABLE_MODULES = YES;
				CLANG_ENABLE_OBJC_ARC = YES;
				CLANG_WARN_BOOL_CONVERSION = YES;
				CLANG_WARN_CONSTANT_CONVERSION = YES;
				CLANG_WARN_DIRECT_OBJC_ISA_USAGE = YES_ERROR;
				CLANG_WARN_DOCUMENTATION_COMMENTS = YES;
				CLANG_WARN_EMPTY_BODY = YES;
				CLANG_WARN_ENUM_CONVERSION = YES;
				CLANG_WARN_INFINITE_RECURSION = YES;
				CLANG_WARN_INT_CONVERSION = YES;
				CLANG_WARN_OBJC_ROOT_CLASS = YES_ERROR;
				CLANG_WARN_SUSPICIOUS_MOVE = YES;
				CLANG_WARN_UNREACHABLE_CODE = YES;
				CLANG_WARN__DUPLICATE_METHOD_MATCH = YES;
				"CODE_SIGN_IDENTITY[sdk=iphoneos*]" = "iPhone Developer";
				COPY_PHASE_STRIP = NO;
				DEBUG_INFORMATION_FORMAT = "dwarf-with-dsym";
				ENABLE_NS_ASSERTIONS = NO;
				ENABLE_STRICT_OBJC_MSGSEND = YES;
				GCC_C_LANGUAGE_STANDARD = gnu99;
				GCC_NO_COMMON_BLOCKS = YES;
				GCC_WARN_64_TO_32_BIT_CONVERSION = YES;
				GCC_WARN_ABOUT_RETURN_TYPE = YES_ERROR;
				GCC_WARN_UNDECLARED_SELECTOR = YES;
				GCC_WARN_UNINITIALIZED_AUTOS = YES_AGGRESSIVE;
				GCC_WARN_UNUSED_FUNCTION = YES;
				GCC_WARN_UNUSED_VARIABLE = YES;
				IPHONEOS_DEPLOYMENT_TARGET = 8.0;
				MTL_ENABLE_DEBUG_INFO = NO;
				SDKROOT = iphoneos;
				SWIFT_INSTALL_OBJC_HEADER = NO;
				SWIFT_OPTIMIZATION_LEVEL = "-Owholemodule";
				TARGETED_DEVICE_FAMILY = "1,2";
				VALIDATE_PRODUCT = YES;
			};
			name = Release;
		};
		4B582F231FB551E80078C63B /* Debug */ = {
			isa = XCBuildConfiguration;
			baseConfigurationReference = 1A270E18E35A1CDB8CFBE9EF /* Pods-gameBCTC.debug.xcconfig */;
			buildSettings = {
				ASSETCATALOG_COMPILER_APPICON_NAME = AppIcon;
				CODE_SIGN_ENTITLEMENTS = gameBCTC/gameBCTC.entitlements;
				DEVELOPMENT_TEAM = XMGAK3H63N;
				INFOPLIST_FILE = gameBCTC/Info.plist;
				IPHONEOS_DEPLOYMENT_TARGET = 8.0;
				LD_RUNPATH_SEARCH_PATHS = "$(inherited) @executable_path/Frameworks";
				LIBRARY_SEARCH_PATHS = (
					"$(inherited)",
					"$(PROJECT_DIR)/Pods/JPush",
				);
				PRODUCT_BUNDLE_IDENTIFIER = com.game369.gameBCTC;
				PRODUCT_NAME = "$(TARGET_NAME)";
				SWIFT_OBJC_BRIDGING_HEADER = gameBCTC/gameBCTCBridgingHeader.h;
				SWIFT_VERSION = 3.0;
			};
			name = Debug;
		};
		4B582F241FB551E80078C63B /* Release */ = {
			isa = XCBuildConfiguration;
			baseConfigurationReference = 25394BD5B62EA5D27D265983 /* Pods-gameBCTC.release.xcconfig */;
			buildSettings = {
				ASSETCATALOG_COMPILER_APPICON_NAME = AppIcon;
				CODE_SIGN_ENTITLEMENTS = gameBCTC/gameBCTC.entitlements;
				DEVELOPMENT_TEAM = XMGAK3H63N;
				INFOPLIST_FILE = gameBCTC/Info.plist;
				IPHONEOS_DEPLOYMENT_TARGET = 8.0;
				LD_RUNPATH_SEARCH_PATHS = "$(inherited) @executable_path/Frameworks";
				LIBRARY_SEARCH_PATHS = (
					"$(inherited)",
					"$(PROJECT_DIR)/Pods/JPush",
				);
				PRODUCT_BUNDLE_IDENTIFIER = com.game369.gameBCTC;
				PRODUCT_NAME = "$(TARGET_NAME)";
				SWIFT_OBJC_BRIDGING_HEADER = gameBCTC/gameBCTCBridgingHeader.h;
				SWIFT_VERSION = 3.0;
			};
			name = Release;
		};
		4B582F261FB551E80078C63B /* Debug */ = {
			isa = XCBuildConfiguration;
			buildSettings = {
				ALWAYS_EMBED_SWIFT_STANDARD_LIBRARIES = YES;
				BUNDLE_LOADER = "$(TEST_HOST)";
				INFOPLIST_FILE = gameBCTCTests/Info.plist;
				LD_RUNPATH_SEARCH_PATHS = "$(inherited) @executable_path/Frameworks @loader_path/Frameworks";
				PRODUCT_BUNDLE_IDENTIFIER = a.gameBCTCTests;
				PRODUCT_NAME = "$(TARGET_NAME)";
				SWIFT_VERSION = 3.0;
				TEST_HOST = "$(BUILT_PRODUCTS_DIR)/gameBCTC.app/gameBCTC";
			};
			name = Debug;
		};
		4B582F271FB551E80078C63B /* Release */ = {
			isa = XCBuildConfiguration;
			buildSettings = {
				ALWAYS_EMBED_SWIFT_STANDARD_LIBRARIES = YES;
				BUNDLE_LOADER = "$(TEST_HOST)";
				INFOPLIST_FILE = gameBCTCTests/Info.plist;
				LD_RUNPATH_SEARCH_PATHS = "$(inherited) @executable_path/Frameworks @loader_path/Frameworks";
				PRODUCT_BUNDLE_IDENTIFIER = a.gameBCTCTests;
				PRODUCT_NAME = "$(TARGET_NAME)";
				SWIFT_VERSION = 3.0;
				TEST_HOST = "$(BUILT_PRODUCTS_DIR)/gameBCTC.app/gameBCTC";
			};
			name = Release;
		};
		4B582F291FB551E80078C63B /* Debug */ = {
			isa = XCBuildConfiguration;
			buildSettings = {
				ALWAYS_EMBED_SWIFT_STANDARD_LIBRARIES = YES;
				INFOPLIST_FILE = gameBCTCUITests/Info.plist;
				LD_RUNPATH_SEARCH_PATHS = "$(inherited) @executable_path/Frameworks @loader_path/Frameworks";
				PRODUCT_BUNDLE_IDENTIFIER = a.gameBCTCUITests;
				PRODUCT_NAME = "$(TARGET_NAME)";
				SWIFT_VERSION = 3.0;
				TEST_TARGET_NAME = gameBCTC;
			};
			name = Debug;
		};
		4B582F2A1FB551E80078C63B /* Release */ = {
			isa = XCBuildConfiguration;
			buildSettings = {
				ALWAYS_EMBED_SWIFT_STANDARD_LIBRARIES = YES;
				INFOPLIST_FILE = gameBCTCUITests/Info.plist;
				LD_RUNPATH_SEARCH_PATHS = "$(inherited) @executable_path/Frameworks @loader_path/Frameworks";
				PRODUCT_BUNDLE_IDENTIFIER = a.gameBCTCUITests;
				PRODUCT_NAME = "$(TARGET_NAME)";
				SWIFT_VERSION = 3.0;
				TEST_TARGET_NAME = gameBCTC;
			};
			name = Release;
		};
/* End XCBuildConfiguration section */

/* Begin XCConfigurationList section */
		4B582EF51FB551E70078C63B /* Build configuration list for PBXProject "gameBCTC" */ = {
			isa = XCConfigurationList;
			buildConfigurations = (
				4B582F201FB551E80078C63B /* Debug */,
				4B582F211FB551E80078C63B /* Release */,
			);
			defaultConfigurationIsVisible = 0;
			defaultConfigurationName = Release;
		};
		4B582F221FB551E80078C63B /* Build configuration list for PBXNativeTarget "gameBCTC" */ = {
			isa = XCConfigurationList;
			buildConfigurations = (
				4B582F231FB551E80078C63B /* Debug */,
				4B582F241FB551E80078C63B /* Release */,
			);
			defaultConfigurationIsVisible = 0;
			defaultConfigurationName = Release;
		};
		4B582F251FB551E80078C63B /* Build configuration list for PBXNativeTarget "gameBCTCTests" */ = {
			isa = XCConfigurationList;
			buildConfigurations = (
				4B582F261FB551E80078C63B /* Debug */,
				4B582F271FB551E80078C63B /* Release */,
			);
			defaultConfigurationIsVisible = 0;
			defaultConfigurationName = Release;
		};
		4B582F281FB551E80078C63B /* Build configuration list for PBXNativeTarget "gameBCTCUITests" */ = {
			isa = XCConfigurationList;
			buildConfigurations = (
				4B582F291FB551E80078C63B /* Debug */,
				4B582F2A1FB551E80078C63B /* Release */,
			);
			defaultConfigurationIsVisible = 0;
			defaultConfigurationName = Release;
		};
/* End XCConfigurationList section */
	};
	rootObject = 4B582EF21FB551E70078C63B /* Project object */;
}
